
Microsoft Visual Studio Solution File, Format Version 12.00
# Visual Studio Version 17
VisualStudioVersion = 17.10.35122.118
MinimumVisualStudioVersion = 10.0.40219.1
Project("{9A19103F-16F7-4668-BE54-9A1E7A4F7556}") = "SupportTicketAlertBot", "SupportTicketAlertBot\SupportTicketAlertBot.csproj", "{0DCF4361-00E9-4430-AF01-5243C56F1198}"
EndProject
Project("{A9E3F50B-275E-4AF7-ADCE-8BE12D41E305}") = "TeamsApp", "TeamsApp\TeamsApp.ttkproj", "{6D1E1E26-E8E5-4796-9E99-327A7258FF19}"
EndProject
Global
	GlobalSection(SolutionConfigurationPlatforms) = preSolution
		Debug|Any CPU = Debug|Any CPU
		Release|Any CPU = Release|Any CPU
	EndGlobalSection
	GlobalSection(ProjectConfigurationPlatforms) = postSolution
		{0DCF4361-00E9-4430-AF01-5243C56F1198}.Debug|Any CPU.ActiveCfg = Debug|Any CPU
		{0DCF4361-00E9-4430-AF01-5243C56F1198}.Debug|Any CPU.Build.0 = Debug|Any CPU
		{0DCF4361-00E9-4430-AF01-5243C56F1198}.Release|Any CPU.ActiveCfg = Release|Any CPU
		{0DCF4361-00E9-4430-AF01-5243C56F1198}.Release|Any CPU.Build.0 = Release|Any CPU
		{6D1E1E26-E8E5-4796-9E99-327A7258FF19}.Debug|Any CPU.ActiveCfg = Debug|Any CPU
		{6D1E1E26-E8E5-4796-9E99-327A7258FF19}.Debug|Any CPU.Build.0 = Debug|Any CPU
		{6D1E1E26-E8E5-4796-9E99-327A7258FF19}.Release|Any CPU.ActiveCfg = Release|Any CPU
		{6D1E1E26-E8E5-4796-9E99-327A7258FF19}.Release|Any CPU.Build.0 = Release|Any CPU
	EndGlobalSection
	GlobalSection(SolutionProperties) = preSolution
		HideSolutionNode = FALSE
	EndGlobalSection
	GlobalSection(ExtensibilityGlobals) = postSolution
		SolutionGuid = {2D59C5CE-9A79-49E9-8FE7-BE04E2323E61}
	EndGlobalSection
EndGlobal
